
Microsoft Visual Studio Solution File, Format Version 12.00
# Visual Studio 14
VisualStudioVersion = 14.0.24720.0
MinimumVisualStudioVersion = 10.0.40219.1
Project("{E24C65DC-7377-472B-9ABA-BC803B73C61A}") = "PotteryShop", "..\..\WebSites\PotteryShop\", "{6C84734B-C7A0-4F85-9A10-3F00F40BBD63}"
	ProjectSection(WebsiteProperties) = preProject
		TargetFrameworkMoniker = ".NETFramework,Version%3Dv4.5.2"
		Debug.AspNetCompiler.VirtualPath = "/localhost_56335"
		Debug.AspNetCompiler.PhysicalPath = "..\..\WebSites\PotteryShop\"
		Debug.AspNetCompiler.TargetPath = "PrecompiledWeb\localhost_56335\"
		Debug.AspNetCompiler.Updateable = "true"
		Debug.AspNetCompiler.ForceOverwrite = "true"
		Debug.AspNetCompiler.FixedNames = "false"
		Debug.AspNetCompiler.Debug = "True"
		Release.AspNetCompiler.VirtualPath = "/localhost_56335"
		Release.AspNetCompiler.PhysicalPath = "..\..\WebSites\PotteryShop\"
		Release.AspNetCompiler.TargetPath = "PrecompiledWeb\localhost_56335\"
		Release.AspNetCompiler.Updateable = "true"
		Release.AspNetCompiler.ForceOverwrite = "true"
		Release.AspNetCompiler.FixedNames = "false"
		Release.AspNetCompiler.Debug = "False"
		VWDPort = "56335"
		SlnRelativePath = "..\..\WebSites\PotteryShop\"
		DefaultWebSiteLanguage = "Visual C#"
	EndProjectSection
EndProject
Global
	GlobalSection(SolutionConfigurationPlatforms) = preSolution
		Debug|Any CPU = Debug|Any CPU
	EndGlobalSection
	GlobalSection(ProjectConfigurationPlatforms) = postSolution
		{6C84734B-C7A0-4F85-9A10-3F00F40BBD63}.Debug|Any CPU.ActiveCfg = Debug|Any CPU
		{6C84734B-C7A0-4F85-9A10-3F00F40BBD63}.Debug|Any CPU.Build.0 = Debug|Any CPU
	EndGlobalSection
	GlobalSection(SolutionProperties) = preSolution
		HideSolutionNode = FALSE
	EndGlobalSection
EndGlobal
